
Microsoft Visual Studio Solution File, Format Version 12.00
Project("{FAE04EC0-301F-11D3-BF4B-00C04F79EFBC}") = "NoteApp", "NoteApp\NoteApp.csproj", "{27FD5257-F0F4-46E5-9E54-1EBE301CE408}"
EndProject
Global
	GlobalSection(SolutionConfigurationPlatforms) = preSolution
		Debug|Any CPU = Debug|Any CPU
		Release|Any CPU = Release|Any CPU
	EndGlobalSection
	GlobalSection(ProjectConfigurationPlatforms) = postSolution
		{27FD5257-F0F4-46E5-9E54-1EBE301CE408}.Debug|Any CPU.ActiveCfg = Debug|Any CPU
		{27FD5257-F0F4-46E5-9E54-1EBE301CE408}.Debug|Any CPU.Build.0 = Debug|Any CPU
		{27FD5257-F0F4-46E5-9E54-1EBE301CE408}.Release|Any CPU.ActiveCfg = Release|Any CPU
		{27FD5257-F0F4-46E5-9E54-1EBE301CE408}.Release|Any CPU.Build.0 = Release|Any CPU
	EndGlobalSection
EndGlobal
